{
    "version": 3,
    "terraform_version": "0.11.8",
    "serial": 2,
    "lineage": "de929f37-d5e4-1c84-cfb3-c81d32f36899",
    "modules": [
        {
            "path": [
                "root"
            ],
            "outputs": {},
            "resources": {
                "data.aws_availability_zones.available": {
                    "type": "aws_availability_zones",
                    "depends_on": [],
                    "primary": {
                        "id": "2019-01-16 06:22:22.963865 +0000 UTC",
                        "attributes": {
                            "id": "2019-01-16 06:22:22.963865 +0000 UTC",
                            "names.#": "6",
                            "names.0": "us-east-1a",
                            "names.1": "us-east-1b",
                            "names.2": "us-east-1c",
                            "names.3": "us-east-1d",
                            "names.4": "us-east-1e",
                            "names.5": "us-east-1f",
                            "zone_ids.#": "6",
                            "zone_ids.0": "use1-az2",
                            "zone_ids.1": "use1-az4",
                            "zone_ids.2": "use1-az6",
                            "zone_ids.3": "use1-az1",
                            "zone_ids.4": "use1-az3",
                            "zone_ids.5": "use1-az5"
                        },
                        "meta": {},
                        "tainted": false
                    },
                    "deposed": [],
                    "provider": "provider.aws"
                }
            },
            "depends_on": []
        },
        {
            "path": [
                "root",
                "networking"
            ],
            "outputs": {
                "public_subnets_id": {
                    "sensitive": false,
                    "type": "list",
                    "value": [
                        "subnet-0330cc9ffb2fe18ed",
                        "subnet-0338fcfb85c721498",
                        "subnet-086dc1a1835c5653c"
                    ]
                },
                "vpc_id": {
                    "sensitive": false,
                    "type": "string",
                    "value": "vpc-09dc4044d46ca1b40"
                }
            },
            "resources": {
                "aws_internet_gateway.default": {
                    "type": "aws_internet_gateway",
                    "depends_on": [
                        "aws_vpc.vpc"
                    ],
                    "primary": {
                        "id": "igw-0fb7cf9b6ecd177ac",
                        "attributes": {
                            "id": "igw-0fb7cf9b6ecd177ac",
                            "owner_id": "935133096577",
                            "tags.%": "2",
                            "tags.Environment": "development",
                            "tags.Name": "Rayaru development IGW",
                            "vpc_id": "vpc-09dc4044d46ca1b40"
                        },
                        "meta": {},
                        "tainted": false
                    },
                    "deposed": [],
                    "provider": "provider.aws"
                },
                "aws_route_table.routetable": {
                    "type": "aws_route_table",
                    "depends_on": [
                        "aws_internet_gateway.default",
                        "aws_vpc.vpc"
                    ],
                    "primary": {
                        "id": "rtb-047352603cbae3c19",
                        "attributes": {
                            "id": "rtb-047352603cbae3c19",
                            "owner_id": "935133096577",
                            "propagating_vgws.#": "0",
                            "route.#": "1",
                            "route.3102607379.cidr_block": "0.0.0.0/0",
                            "route.3102607379.egress_only_gateway_id": "",
                            "route.3102607379.gateway_id": "igw-0fb7cf9b6ecd177ac",
                            "route.3102607379.instance_id": "",
                            "route.3102607379.ipv6_cidr_block": "",
                            "route.3102607379.nat_gateway_id": "",
                            "route.3102607379.network_interface_id": "",
                            "route.3102607379.transit_gateway_id": "",
                            "route.3102607379.vpc_peering_connection_id": "",
                            "tags.%": "2",
                            "tags.Environment": "development",
                            "tags.Name": "Rayaru development RouteTable",
                            "vpc_id": "vpc-09dc4044d46ca1b40"
                        },
                        "meta": {},
                        "tainted": false
                    },
                    "deposed": [],
                    "provider": "provider.aws"
                },
                "aws_route_table_association.publicroutetableassn.0": {
                    "type": "aws_route_table_association",
                    "depends_on": [
                        "aws_route_table.routetable",
                        "aws_subnet.public.*"
                    ],
                    "primary": {
                        "id": "rtbassoc-073125d02d3b02887",
                        "attributes": {
                            "id": "rtbassoc-073125d02d3b02887",
                            "route_table_id": "rtb-047352603cbae3c19",
                            "subnet_id": "subnet-0330cc9ffb2fe18ed"
                        },
                        "meta": {},
                        "tainted": false
                    },
                    "deposed": [],
                    "provider": "provider.aws"
                },
                "aws_route_table_association.publicroutetableassn.1": {
                    "type": "aws_route_table_association",
                    "depends_on": [
                        "aws_route_table.routetable",
                        "aws_subnet.public.*"
                    ],
                    "primary": {
                        "id": "rtbassoc-010763309b923f86a",
                        "attributes": {
                            "id": "rtbassoc-010763309b923f86a",
                            "route_table_id": "rtb-047352603cbae3c19",
                            "subnet_id": "subnet-0338fcfb85c721498"
                        },
                        "meta": {},
                        "tainted": false
                    },
                    "deposed": [],
                    "provider": "provider.aws"
                },
                "aws_route_table_association.publicroutetableassn.2": {
                    "type": "aws_route_table_association",
                    "depends_on": [
                        "aws_route_table.routetable",
                        "aws_subnet.public.*"
                    ],
                    "primary": {
                        "id": "rtbassoc-0f2f00644a97b5d61",
                        "attributes": {
                            "id": "rtbassoc-0f2f00644a97b5d61",
                            "route_table_id": "rtb-047352603cbae3c19",
                            "subnet_id": "subnet-086dc1a1835c5653c"
                        },
                        "meta": {},
                        "tainted": false
                    },
                    "deposed": [],
                    "provider": "provider.aws"
                },
                "aws_subnet.public.0": {
                    "type": "aws_subnet",
                    "depends_on": [
                        "aws_vpc.vpc",
                        "data.aws_availability_zones.available"
                    ],
                    "primary": {
                        "id": "subnet-0330cc9ffb2fe18ed",
                        "attributes": {
                            "arn": "arn:aws:ec2:us-east-1:935133096577:subnet/subnet-0330cc9ffb2fe18ed",
                            "assign_ipv6_address_on_creation": "false",
                            "availability_zone": "us-east-1a",
                            "availability_zone_id": "use1-az2",
                            "cidr_block": "172.33.0.0/24",
                            "id": "subnet-0330cc9ffb2fe18ed",
                            "ipv6_cidr_block": "",
                            "ipv6_cidr_block_association_id": "",
                            "map_public_ip_on_launch": "false",
                            "owner_id": "935133096577",
                            "tags.%": "2",
                            "tags.Environment": "development",
                            "tags.Name": "Rayaru development Subnet_0",
                            "vpc_id": "vpc-09dc4044d46ca1b40"
                        },
                        "meta": {
                            "e2bfb730-ecaa-11e6-8f88-34363bc7c4c0": {
                                "create": 600000000000,
                                "delete": 600000000000
                            },
                            "schema_version": "1"
                        },
                        "tainted": false
                    },
                    "deposed": [],
                    "provider": "provider.aws"
                },
                "aws_subnet.public.1": {
                    "type": "aws_subnet",
                    "depends_on": [
                        "aws_vpc.vpc",
                        "data.aws_availability_zones.available"
                    ],
                    "primary": {
                        "id": "subnet-0338fcfb85c721498",
                        "attributes": {
                            "arn": "arn:aws:ec2:us-east-1:935133096577:subnet/subnet-0338fcfb85c721498",
                            "assign_ipv6_address_on_creation": "false",
                            "availability_zone": "us-east-1b",
                            "availability_zone_id": "use1-az4",
                            "cidr_block": "172.33.1.0/24",
                            "id": "subnet-0338fcfb85c721498",
                            "ipv6_cidr_block": "",
                            "ipv6_cidr_block_association_id": "",
                            "map_public_ip_on_launch": "false",
                            "owner_id": "935133096577",
                            "tags.%": "2",
                            "tags.Environment": "development",
                            "tags.Name": "Rayaru development Subnet_1",
                            "vpc_id": "vpc-09dc4044d46ca1b40"
                        },
                        "meta": {
                            "e2bfb730-ecaa-11e6-8f88-34363bc7c4c0": {
                                "create": 600000000000,
                                "delete": 600000000000
                            },
                            "schema_version": "1"
                        },
                        "tainted": false
                    },
                    "deposed": [],
                    "provider": "provider.aws"
                },
                "aws_subnet.public.2": {
                    "type": "aws_subnet",
                    "depends_on": [
                        "aws_vpc.vpc",
                        "data.aws_availability_zones.available"
                    ],
                    "primary": {
                        "id": "subnet-086dc1a1835c5653c",
                        "attributes": {
                            "arn": "arn:aws:ec2:us-east-1:935133096577:subnet/subnet-086dc1a1835c5653c",
                            "assign_ipv6_address_on_creation": "false",
                            "availability_zone": "us-east-1c",
                            "availability_zone_id": "use1-az6",
                            "cidr_block": "172.33.2.0/24",
                            "id": "subnet-086dc1a1835c5653c",
                            "ipv6_cidr_block": "",
                            "ipv6_cidr_block_association_id": "",
                            "map_public_ip_on_launch": "false",
                            "owner_id": "935133096577",
                            "tags.%": "2",
                            "tags.Environment": "development",
                            "tags.Name": "Rayaru development Subnet_2",
                            "vpc_id": "vpc-09dc4044d46ca1b40"
                        },
                        "meta": {
                            "e2bfb730-ecaa-11e6-8f88-34363bc7c4c0": {
                                "create": 600000000000,
                                "delete": 600000000000
                            },
                            "schema_version": "1"
                        },
                        "tainted": false
                    },
                    "deposed": [],
                    "provider": "provider.aws"
                },
                "aws_vpc.vpc": {
                    "type": "aws_vpc",
                    "depends_on": [],
                    "primary": {
                        "id": "vpc-09dc4044d46ca1b40",
                        "attributes": {
                            "arn": "arn:aws:ec2:us-east-1:935133096577:vpc/vpc-09dc4044d46ca1b40",
                            "assign_generated_ipv6_cidr_block": "false",
                            "cidr_block": "172.33.0.0/16",
                            "default_network_acl_id": "acl-00d8b972916c35a8e",
                            "default_route_table_id": "rtb-0bf44f9595931a8ff",
                            "default_security_group_id": "sg-042145a6ccf61977c",
                            "dhcp_options_id": "dopt-8482d0ff",
                            "enable_classiclink": "false",
                            "enable_classiclink_dns_support": "false",
                            "enable_dns_hostnames": "false",
                            "enable_dns_support": "true",
                            "id": "vpc-09dc4044d46ca1b40",
                            "instance_tenancy": "default",
                            "ipv6_association_id": "",
                            "ipv6_cidr_block": "",
                            "main_route_table_id": "rtb-0bf44f9595931a8ff",
                            "owner_id": "935133096577",
                            "tags.%": "2",
                            "tags.Environment": "development",
                            "tags.Name": "Rayaru development VPC"
                        },
                        "meta": {
                            "schema_version": "1"
                        },
                        "tainted": false
                    },
                    "deposed": [],
                    "provider": "provider.aws"
                },
                "data.aws_availability_zones.available": {
                    "type": "aws_availability_zones",
                    "depends_on": [],
                    "primary": {
                        "id": "2019-01-16 06:22:22.963802 +0000 UTC",
                        "attributes": {
                            "id": "2019-01-16 06:22:22.963802 +0000 UTC",
                            "names.#": "6",
                            "names.0": "us-east-1a",
                            "names.1": "us-east-1b",
                            "names.2": "us-east-1c",
                            "names.3": "us-east-1d",
                            "names.4": "us-east-1e",
                            "names.5": "us-east-1f",
                            "zone_ids.#": "6",
                            "zone_ids.0": "use1-az2",
                            "zone_ids.1": "use1-az4",
                            "zone_ids.2": "use1-az6",
                            "zone_ids.3": "use1-az1",
                            "zone_ids.4": "use1-az3",
                            "zone_ids.5": "use1-az5"
                        },
                        "meta": {},
                        "tainted": false
                    },
                    "deposed": [],
                    "provider": "provider.aws"
                }
            },
            "depends_on": []
        }
    ]
}
